{
    "_meta": {
        "hash": {
            "sha256": "48bc966bf04c055997f4e80317ea1996e4774713da2555f368727499f69bcebc"
        },
        "pipfile-spec": 6,
        "requires": {
            "python_version": "3.7"
        },
        "sources": [
            {
                "name": "pypi",
                "url": "https://pypi.org/simple",
                "verify_ssl": true
            }
        ]
    },
    "default": {
        "adafruit-blinka": {
            "hashes": [
                "sha256:fea60f52225e6b803fe06ba45fe74845c9e82531888d4de5d4e070db8b02d743"
            ],
            "version": "==2.1.6"
        },
        "adafruit-circuitpython-busdevice": {
            "hashes": [
                "sha256:f1852212a9cab3f6735ed2b9e27b9620855a4ca43c95e13d6e59d7f2b02be26a"
            ],
            "version": "==3.0.0"
        },
        "adafruit-circuitpython-lis3dh": {
            "hashes": [
                "sha256:614ed4c367bba9f6e9673a1ad6e906f8b63bff18b0ddf5dd530e559d7ecbf116"
            ],
            "index": "pypi",
            "version": "==5.0.0"
        },
        "adafruit-circuitpython-tsl2561": {
            "hashes": [
                "sha256:8cf504a3ace72920c5be2146c22a9ac4e6ecf7f8aa75bb4fac1e4cefeb0bc7b1"
            ],
            "index": "pypi",
            "version": "==3.2.1"
        },
        "adafruit-platformdetect": {
            "hashes": [
                "sha256:a627ab4375b0dc8416c4a9c94c17a0bd1caa749327498c74f5dba4eb1ce64301"
            ],
            "version": "==1.0.9"
        },
        "adafruit-pureio": {
            "hashes": [
                "sha256:e65cd929f1d8e109513ed1e457c2742bf4f15349c1a9b7f5b1e04191624d7488"
            ],
            "version": "==0.2.3"
        },
        "sysv-ipc": {
            "hashes": [
                "sha256:b284e961274c67ed3debfdd8a43f197451c5f100955142bbed380258c6c73e06",
                "sha256:b59fbd42c9de27b42fdda69c4aa7556312112dc6ac7246e44cd875cf049e4273",
                "sha256:cd70548a92218ede2da499080b31e52f1d7cf60716c5cc7d468ec89e8b73c530"
            ],
            "markers": "platform_system != 'Windows'",
            "version": "==1.0.0"
        }
    },
    "develop": {
        "autopep8": {
            "hashes": [
                "sha256:4d8eec30cc81bc5617dbf1218201d770dc35629363547f17577c61683ccfb3ee"
            ],
            "index": "pypi",
            "version": "==1.4.4"
        },
        "entrypoints": {
            "hashes": [
                "sha256:589f874b313739ad35be6e0cd7efde2a4e9b6fea91edcc34e58ecbb8dbe56d19",
                "sha256:c70dd71abe5a8c85e55e12c19bd91ccfeec11a6e99044204511f9ed547d48451"
            ],
            "version": "==0.3"
        },
        "flake8": {
            "hashes": [
                "sha256:859996073f341f2670741b51ec1e67a01da142831aa1fdc6242dbf88dffbe661",
                "sha256:a796a115208f5c03b18f332f7c11729812c8c3ded6c46319c59b53efd3819da8"
            ],
            "index": "pypi",
            "version": "==3.7.7"
        },
        "mccabe": {
            "hashes": [
                "sha256:ab8a6258860da4b6677da4bd2fe5dc2c659cff31b3ee4f7f5d64e79735b80d42",
                "sha256:dd8d182285a0fe56bace7f45b5e7d1a6ebcbf524e8f3bd87eb0f125271b8831f"
            ],
            "version": "==0.6.1"
        },
        "pycodestyle": {
            "hashes": [
                "sha256:95a2219d12372f05704562a14ec30bc76b05a5b297b21a5dfe3f6fac3491ae56",
                "sha256:e40a936c9a450ad81df37f549d676d127b1b66000a6c500caa2b085bc0ca976c"
            ],
            "version": "==2.5.0"
        },
        "pyflakes": {
            "hashes": [
                "sha256:17dbeb2e3f4d772725c777fabc446d5634d1038f234e77343108ce445ea69ce0",
                "sha256:d976835886f8c5b31d47970ed689944a0262b5f3afa00a5a7b4dc81e5449f8a2"
            ],
            "version": "==2.1.1"
        }
    }
}
